// !$*UTF8*$!
{
	archiveVersion = 1;
	classes = {
	};
	objectVersion = 56;
	objects = {

/* Begin PBXBuildFile section */
		75C8ED8F2923B21A0007FFEE /* PostsListViewModel.swift in Sources */ = {isa = PBXBuildFile; fileRef = 75C8ED8E2923B21A0007FFEE /* PostsListViewModel.swift */; };
		75C8ED912923B50D0007FFEE /* PostsListView.swift in Sources */ = {isa = PBXBuildFile; fileRef = 75C8ED902923B50D0007FFEE /* PostsListView.swift */; };
		75EFA22229203AC7002F65AC /* iOS_ConcurrencyApp.swift in Sources */ = {isa = PBXBuildFile; fileRef = 75EFA22129203AC7002F65AC /* iOS_ConcurrencyApp.swift */; };
		75EFA22429203AC7002F65AC /* UsersListView.swift in Sources */ = {isa = PBXBuildFile; fileRef = 75EFA22329203AC7002F65AC /* UsersListView.swift */; };
		75EFA22629203AC8002F65AC /* Assets.xcassets in Resources */ = {isa = PBXBuildFile; fileRef = 75EFA22529203AC8002F65AC /* Assets.xcassets */; };
		75EFA22929203AC8002F65AC /* Preview Assets.xcassets in Resources */ = {isa = PBXBuildFile; fileRef = 75EFA22829203AC8002F65AC /* Preview Assets.xcassets */; };
		75EFA23629204322002F65AC /* User.swift in Sources */ = {isa = PBXBuildFile; fileRef = 75EFA23529204322002F65AC /* User.swift */; };
		75EFA2382920470D002F65AC /* Post.swift in Sources */ = {isa = PBXBuildFile; fileRef = 75EFA2372920470D002F65AC /* Post.swift */; };
		75EFA23F29215644002F65AC /* APIService.swift in Sources */ = {isa = PBXBuildFile; fileRef = 75EFA23E29215644002F65AC /* APIService.swift */; };
		75EFA24129232336002F65AC /* UsersListViewModel.swift in Sources */ = {isa = PBXBuildFile; fileRef = 75EFA24029232336002F65AC /* UsersListViewModel.swift */; };
		75EFA24329232AE8002F65AC /* users.json in Resources */ = {isa = PBXBuildFile; fileRef = 75EFA24229232AE8002F65AC /* users.json */; };
		75EFA24529232B49002F65AC /* posts.json in Resources */ = {isa = PBXBuildFile; fileRef = 75EFA24429232B49002F65AC /* posts.json */; };
		75EFA24829232D0C002F65AC /* Bundle+Extension.swift in Sources */ = {isa = PBXBuildFile; fileRef = 75EFA24729232D0C002F65AC /* Bundle+Extension.swift */; };
		75EFA24A29232DC9002F65AC /* MockData.swift in Sources */ = {isa = PBXBuildFile; fileRef = 75EFA24929232DC9002F65AC /* MockData.swift */; };
/* End PBXBuildFile section */

/* Begin PBXFileReference section */
		75C8ED8C2923B0800007FFEE /* previewContent.png */ = {isa = PBXFileReference; lastKnownFileType = image.png; path = previewContent.png; sourceTree = "<group>"; };
		75C8ED8D2923B0DB0007FFEE /* extensionsFolder.png */ = {isa = PBXFileReference; lastKnownFileType = image.png; path = extensionsFolder.png; sourceTree = "<group>"; };
		75C8ED8E2923B21A0007FFEE /* PostsListViewModel.swift */ = {isa = PBXFileReference; lastKnownFileType = sourcecode.swift; path = PostsListViewModel.swift; sourceTree = "<group>"; };
		75C8ED902923B50D0007FFEE /* PostsListView.swift */ = {isa = PBXFileReference; lastKnownFileType = sourcecode.swift; path = PostsListView.swift; sourceTree = "<group>"; };
		75EFA21E29203AC7002F65AC /* iOS Concurrency.app */ = {isa = PBXFileReference; explicitFileType = wrapper.application; includeInIndex = 0; path = "iOS Concurrency.app"; sourceTree = BUILT_PRODUCTS_DIR; };
		75EFA22129203AC7002F65AC /* iOS_ConcurrencyApp.swift */ = {isa = PBXFileReference; lastKnownFileType = sourcecode.swift; path = iOS_ConcurrencyApp.swift; sourceTree = "<group>"; };
		75EFA22329203AC7002F65AC /* UsersListView.swift */ = {isa = PBXFileReference; lastKnownFileType = sourcecode.swift; path = UsersListView.swift; sourceTree = "<group>"; };
		75EFA22529203AC8002F65AC /* Assets.xcassets */ = {isa = PBXFileReference; lastKnownFileType = folder.assetcatalog; path = Assets.xcassets; sourceTree = "<group>"; };
		75EFA22829203AC8002F65AC /* Preview Assets.xcassets */ = {isa = PBXFileReference; lastKnownFileType = folder.assetcatalog; path = "Preview Assets.xcassets"; sourceTree = "<group>"; };
		75EFA22F29203B12002F65AC /* iOS-Concurrency-Info.plist */ = {isa = PBXFileReference; lastKnownFileType = text.plist; path = "iOS-Concurrency-Info.plist"; sourceTree = SOURCE_ROOT; };
		75EFA23029203B32002F65AC /* README.md */ = {isa = PBXFileReference; lastKnownFileType = net.daringfireball.markdown; path = README.md; sourceTree = "<group>"; };
		75EFA23229204021002F65AC /* launchScreenScreenshot.png */ = {isa = PBXFileReference; lastKnownFileType = image.png; path = launchScreenScreenshot.png; sourceTree = "<group>"; };
		75EFA233292040CC002F65AC /* settingLaunchScreen.png */ = {isa = PBXFileReference; lastKnownFileType = image.png; path = settingLaunchScreen.png; sourceTree = "<group>"; };
		75EFA23529204322002F65AC /* User.swift */ = {isa = PBXFileReference; lastKnownFileType = sourcecode.swift; path = User.swift; sourceTree = "<group>"; };
		75EFA2372920470D002F65AC /* Post.swift */ = {isa = PBXFileReference; lastKnownFileType = sourcecode.swift; path = Post.swift; sourceTree = "<group>"; };
		75EFA23E29215644002F65AC /* APIService.swift */ = {isa = PBXFileReference; lastKnownFileType = sourcecode.swift; path = APIService.swift; sourceTree = "<group>"; };
		75EFA24029232336002F65AC /* UsersListViewModel.swift */ = {isa = PBXFileReference; lastKnownFileType = sourcecode.swift; path = UsersListViewModel.swift; sourceTree = "<group>"; };
		75EFA24229232AE8002F65AC /* users.json */ = {isa = PBXFileReference; lastKnownFileType = text.json; path = users.json; sourceTree = "<group>"; };
		75EFA24429232B49002F65AC /* posts.json */ = {isa = PBXFileReference; lastKnownFileType = text.json; path = posts.json; sourceTree = "<group>"; };
		75EFA24729232D0C002F65AC /* Bundle+Extension.swift */ = {isa = PBXFileReference; lastKnownFileType = sourcecode.swift; path = "Bundle+Extension.swift"; sourceTree = "<group>"; };
		75EFA24929232DC9002F65AC /* MockData.swift */ = {isa = PBXFileReference; lastKnownFileType = sourcecode.swift; path = MockData.swift; sourceTree = "<group>"; };
/* End PBXFileReference section */

/* Begin PBXFrameworksBuildPhase section */
		75EFA21B29203AC7002F65AC /* Frameworks */ = {
			isa = PBXFrameworksBuildPhase;
			buildActionMask = 2147483647;
			files = (
			);
			runOnlyForDeploymentPostprocessing = 0;
		};
/* End PBXFrameworksBuildPhase section */

/* Begin PBXGroup section */
		75EFA21529203AC7002F65AC = {
			isa = PBXGroup;
			children = (
				75EFA23029203B32002F65AC /* README.md */,
				75EFA23129204006002F65AC /* img */,
				75EFA22029203AC7002F65AC /* iOS Concurrency */,
				75EFA21F29203AC7002F65AC /* Products */,
			);
			sourceTree = "<group>";
		};
		75EFA21F29203AC7002F65AC /* Products */ = {
			isa = PBXGroup;
			children = (
				75EFA21E29203AC7002F65AC /* iOS Concurrency.app */,
			);
			name = Products;
			sourceTree = "<group>";
		};
		75EFA22029203AC7002F65AC /* iOS Concurrency */ = {
			isa = PBXGroup;
			children = (
				75EFA22129203AC7002F65AC /* iOS_ConcurrencyApp.swift */,
				75EFA239292153C4002F65AC /* ViewModels */,
				75EFA23429204316002F65AC /* Models */,
				75EFA23A292153CE002F65AC /* Views */,
				75EFA24629232CFB002F65AC /* Extensions */,
				75EFA23D2921563A002F65AC /* Services */,
				75EFA22529203AC8002F65AC /* Assets.xcassets */,
				75EFA22F29203B12002F65AC /* iOS-Concurrency-Info.plist */,
				75EFA22729203AC8002F65AC /* Preview Content */,
			);
			path = "iOS Concurrency";
			sourceTree = "<group>";
		};
		75EFA22729203AC8002F65AC /* Preview Content */ = {
			isa = PBXGroup;
			children = (
				75EFA22829203AC8002F65AC /* Preview Assets.xcassets */,
				75EFA24229232AE8002F65AC /* users.json */,
				75EFA24429232B49002F65AC /* posts.json */,
				75EFA24929232DC9002F65AC /* MockData.swift */,
			);
			path = "Preview Content";
			sourceTree = "<group>";
		};
		75EFA23129204006002F65AC /* img */ = {
			isa = PBXGroup;
			children = (
				75C8ED8C2923B0800007FFEE /* previewContent.png */,
				75C8ED8D2923B0DB0007FFEE /* extensionsFolder.png */,
				75EFA233292040CC002F65AC /* settingLaunchScreen.png */,
				75EFA23229204021002F65AC /* launchScreenScreenshot.png */,
			);
			path = img;
			sourceTree = "<group>";
		};
		75EFA23429204316002F65AC /* Models */ = {
			isa = PBXGroup;
			children = (
				75EFA23529204322002F65AC /* User.swift */,
				75EFA2372920470D002F65AC /* Post.swift */,
			);
			path = Models;
			sourceTree = "<group>";
		};
		75EFA239292153C4002F65AC /* ViewModels */ = {
			isa = PBXGroup;
			children = (
				75EFA24029232336002F65AC /* UsersListViewModel.swift */,
				75C8ED8E2923B21A0007FFEE /* PostsListViewModel.swift */,
			);
			path = ViewModels;
			sourceTree = "<group>";
		};
		75EFA23A292153CE002F65AC /* Views */ = {
			isa = PBXGroup;
			children = (
				75EFA22329203AC7002F65AC /* UsersListView.swift */,
				75C8ED902923B50D0007FFEE /* PostsListView.swift */,
			);
			path = Views;
			sourceTree = "<group>";
		};
		75EFA23D2921563A002F65AC /* Services */ = {
			isa = PBXGroup;
			children = (
				75EFA23E29215644002F65AC /* APIService.swift */,
			);
			path = Services;
			sourceTree = "<group>";
		};
		75EFA24629232CFB002F65AC /* Extensions */ = {
			isa = PBXGroup;
			children = (
				75EFA24729232D0C002F65AC /* Bundle+Extension.swift */,
			);
			path = Extensions;
			sourceTree = "<group>";
		};
/* End PBXGroup section */

/* Begin PBXNativeTarget section */
		75EFA21D29203AC7002F65AC /* iOS Concurrency */ = {
			isa = PBXNativeTarget;
			buildConfigurationList = 75EFA22C29203AC8002F65AC /* Build configuration list for PBXNativeTarget "iOS Concurrency" */;
			buildPhases = (
				75EFA21A29203AC7002F65AC /* Sources */,
				75EFA21B29203AC7002F65AC /* Frameworks */,
				75EFA21C29203AC7002F65AC /* Resources */,
			);
			buildRules = (
			);
			dependencies = (
			);
			name = "iOS Concurrency";
			productName = "iOS Concurrency";
			productReference = 75EFA21E29203AC7002F65AC /* iOS Concurrency.app */;
			productType = "com.apple.product-type.application";
		};
/* End PBXNativeTarget section */

/* Begin PBXProject section */
		75EFA21629203AC7002F65AC /* Project object */ = {
			isa = PBXProject;
			attributes = {
				BuildIndependentTargetsInParallel = 1;
				LastSwiftUpdateCheck = 1400;
				LastUpgradeCheck = 1400;
				TargetAttributes = {
					75EFA21D29203AC7002F65AC = {
						CreatedOnToolsVersion = 14.0.1;
					};
				};
			};
			buildConfigurationList = 75EFA21929203AC7002F65AC /* Build configuration list for PBXProject "iOS Concurrency" */;
			compatibilityVersion = "Xcode 14.0";
			developmentRegion = en;
			hasScannedForEncodings = 0;
			knownRegions = (
				en,
				Base,
			);
			mainGroup = 75EFA21529203AC7002F65AC;
			productRefGroup = 75EFA21F29203AC7002F65AC /* Products */;
			projectDirPath = "";
			projectRoot = "";
			targets = (
				75EFA21D29203AC7002F65AC /* iOS Concurrency */,
			);
		};
/* End PBXProject section */

/* Begin PBXResourcesBuildPhase section */
		75EFA21C29203AC7002F65AC /* Resources */ = {
			isa = PBXResourcesBuildPhase;
			buildActionMask = 2147483647;
			files = (
				75EFA24329232AE8002F65AC /* users.json in Resources */,
				75EFA22929203AC8002F65AC /* Preview Assets.xcassets in Resources */,
				75EFA22629203AC8002F65AC /* Assets.xcassets in Resources */,
				75EFA24529232B49002F65AC /* posts.json in Resources */,
			);
			runOnlyForDeploymentPostprocessing = 0;
		};
/* End PBXResourcesBuildPhase section */

/* Begin PBXSourcesBuildPhase section */
		75EFA21A29203AC7002F65AC /* Sources */ = {
			isa = PBXSourcesBuildPhase;
			buildActionMask = 2147483647;
			files = (
				75EFA22429203AC7002F65AC /* UsersListView.swift in Sources */,
				75EFA24829232D0C002F65AC /* Bundle+Extension.swift in Sources */,
				75EFA24129232336002F65AC /* UsersListViewModel.swift in Sources */,
				75C8ED8F2923B21A0007FFEE /* PostsListViewModel.swift in Sources */,
				75EFA22229203AC7002F65AC /* iOS_ConcurrencyApp.swift in Sources */,
				75EFA23629204322002F65AC /* User.swift in Sources */,
				75EFA24A29232DC9002F65AC /* MockData.swift in Sources */,
				75EFA23F29215644002F65AC /* APIService.swift in Sources */,
				75C8ED912923B50D0007FFEE /* PostsListView.swift in Sources */,
				75EFA2382920470D002F65AC /* Post.swift in Sources */,
			);
			runOnlyForDeploymentPostprocessing = 0;
		};
/* End PBXSourcesBuildPhase section */

/* Begin XCBuildConfiguration section */
		75EFA22A29203AC8002F65AC /* Debug */ = {
			isa = XCBuildConfiguration;
			buildSettings = {
				ALWAYS_SEARCH_USER_PATHS = NO;
				CLANG_ANALYZER_NONNULL = YES;
				CLANG_ANALYZER_NUMBER_OBJECT_CONVERSION = YES_AGGRESSIVE;
				CLANG_CXX_LANGUAGE_STANDARD = "gnu++20";
				CLANG_ENABLE_MODULES = YES;
				CLANG_ENABLE_OBJC_ARC = YES;
				CLANG_ENABLE_OBJC_WEAK = YES;
				CLANG_WARN_BLOCK_CAPTURE_AUTORELEASING = YES;
				CLANG_WARN_BOOL_CONVERSION = YES;
				CLANG_WARN_COMMA = YES;
				CLANG_WARN_CONSTANT_CONVERSION = YES;
				CLANG_WARN_DEPRECATED_OBJC_IMPLEMENTATIONS = YES;
				CLANG_WARN_DIRECT_OBJC_ISA_USAGE = YES_ERROR;
				CLANG_WARN_DOCUMENTATION_COMMENTS = YES;
				CLANG_WARN_EMPTY_BODY = YES;
				CLANG_WARN_ENUM_CONVERSION = YES;
				CLANG_WARN_INFINITE_RECURSION = YES;
				CLANG_WARN_INT_CONVERSION = YES;
				CLANG_WARN_NON_LITERAL_NULL_CONVERSION = YES;
				CLANG_WARN_OBJC_IMPLICIT_RETAIN_SELF = YES;
				CLANG_WARN_OBJC_LITERAL_CONVERSION = YES;
				CLANG_WARN_OBJC_ROOT_CLASS = YES_ERROR;
				CLANG_WARN_QUOTED_INCLUDE_IN_FRAMEWORK_HEADER = YES;
				CLANG_WARN_RANGE_LOOP_ANALYSIS = YES;
				CLANG_WARN_STRICT_PROTOTYPES = YES;
				CLANG_WARN_SUSPICIOUS_MOVE = YES;
				CLANG_WARN_UNGUARDED_AVAILABILITY = YES_AGGRESSIVE;
				CLANG_WARN_UNREACHABLE_CODE = YES;
				CLANG_WARN__DUPLICATE_METHOD_MATCH = YES;
				COPY_PHASE_STRIP = NO;
				DEBUG_INFORMATION_FORMAT = dwarf;
				ENABLE_STRICT_OBJC_MSGSEND = YES;
				ENABLE_TESTABILITY = YES;
				GCC_C_LANGUAGE_STANDARD = gnu11;
				GCC_DYNAMIC_NO_PIC = NO;
				GCC_NO_COMMON_BLOCKS = YES;
				GCC_OPTIMIZATION_LEVEL = 0;
				GCC_PREPROCESSOR_DEFINITIONS = (
					"DEBUG=1",
					"$(inherited)",
				);
				GCC_WARN_64_TO_32_BIT_CONVERSION = YES;
				GCC_WARN_ABOUT_RETURN_TYPE = YES_ERROR;
				GCC_WARN_UNDECLARED_SELECTOR = YES;
				GCC_WARN_UNINITIALIZED_AUTOS = YES_AGGRESSIVE;
				GCC_WARN_UNUSED_FUNCTION = YES;
				GCC_WARN_UNUSED_VARIABLE = YES;
				IPHONEOS_DEPLOYMENT_TARGET = 16.0;
				MTL_ENABLE_DEBUG_INFO = INCLUDE_SOURCE;
				MTL_FAST_MATH = YES;
				ONLY_ACTIVE_ARCH = YES;
				SDKROOT = iphoneos;
				SWIFT_ACTIVE_COMPILATION_CONDITIONS = DEBUG;
				SWIFT_OPTIMIZATION_LEVEL = "-Onone";
			};
			name = Debug;
		};
		75EFA22B29203AC8002F65AC /* Release */ = {
			isa = XCBuildConfiguration;
			buildSettings = {
				ALWAYS_SEARCH_USER_PATHS = NO;
				CLANG_ANALYZER_NONNULL = YES;
				CLANG_ANALYZER_NUMBER_OBJECT_CONVERSION = YES_AGGRESSIVE;
				CLANG_CXX_LANGUAGE_STANDARD = "gnu++20";
				CLANG_ENABLE_MODULES = YES;
				CLANG_ENABLE_OBJC_ARC = YES;
				CLANG_ENABLE_OBJC_WEAK = YES;
				CLANG_WARN_BLOCK_CAPTURE_AUTORELEASING = YES;
				CLANG_WARN_BOOL_CONVERSION = YES;
				CLANG_WARN_COMMA = YES;
				CLANG_WARN_CONSTANT_CONVERSION = YES;
				CLANG_WARN_DEPRECATED_OBJC_IMPLEMENTATIONS = YES;
				CLANG_WARN_DIRECT_OBJC_ISA_USAGE = YES_ERROR;
				CLANG_WARN_DOCUMENTATION_COMMENTS = YES;
				CLANG_WARN_EMPTY_BODY = YES;
				CLANG_WARN_ENUM_CONVERSION = YES;
				CLANG_WARN_INFINITE_RECURSION = YES;
				CLANG_WARN_INT_CONVERSION = YES;
				CLANG_WARN_NON_LITERAL_NULL_CONVERSION = YES;
				CLANG_WARN_OBJC_IMPLICIT_RETAIN_SELF = YES;
				CLANG_WARN_OBJC_LITERAL_CONVERSION = YES;
				CLANG_WARN_OBJC_ROOT_CLASS = YES_ERROR;
				CLANG_WARN_QUOTED_INCLUDE_IN_FRAMEWORK_HEADER = YES;
				CLANG_WARN_RANGE_LOOP_ANALYSIS = YES;
				CLANG_WARN_STRICT_PROTOTYPES = YES;
				CLANG_WARN_SUSPICIOUS_MOVE = YES;
				CLANG_WARN_UNGUARDED_AVAILABILITY = YES_AGGRESSIVE;
				CLANG_WARN_UNREACHABLE_CODE = YES;
				CLANG_WARN__DUPLICATE_METHOD_MATCH = YES;
				COPY_PHASE_STRIP = NO;
				DEBUG_INFORMATION_FORMAT = "dwarf-with-dsym";
				ENABLE_NS_ASSERTIONS = NO;
				ENABLE_STRICT_OBJC_MSGSEND = YES;
				GCC_C_LANGUAGE_STANDARD = gnu11;
				GCC_NO_COMMON_BLOCKS = YES;
				GCC_WARN_64_TO_32_BIT_CONVERSION = YES;
				GCC_WARN_ABOUT_RETURN_TYPE = YES_ERROR;
				GCC_WARN_UNDECLARED_SELECTOR = YES;
				GCC_WARN_UNINITIALIZED_AUTOS = YES_AGGRESSIVE;
				GCC_WARN_UNUSED_FUNCTION = YES;
				GCC_WARN_UNUSED_VARIABLE = YES;
				IPHONEOS_DEPLOYMENT_TARGET = 16.0;
				MTL_ENABLE_DEBUG_INFO = NO;
				MTL_FAST_MATH = YES;
				SDKROOT = iphoneos;
				SWIFT_COMPILATION_MODE = wholemodule;
				SWIFT_OPTIMIZATION_LEVEL = "-O";
				VALIDATE_PRODUCT = YES;
			};
			name = Release;
		};
		75EFA22D29203AC8002F65AC /* Debug */ = {
			isa = XCBuildConfiguration;
			buildSettings = {
				ASSETCATALOG_COMPILER_APPICON_NAME = AppIcon;
				ASSETCATALOG_COMPILER_GLOBAL_ACCENT_COLOR_NAME = AccentColor;
				CODE_SIGN_STYLE = Automatic;
				CURRENT_PROJECT_VERSION = 1;
				DEVELOPMENT_ASSET_PATHS = "\"iOS Concurrency/Preview Content\"";
				DEVELOPMENT_TEAM = 6DR6N9843T;
				ENABLE_PREVIEWS = YES;
				GENERATE_INFOPLIST_FILE = YES;
				INFOPLIST_FILE = "iOS-Concurrency-Info.plist";
				INFOPLIST_KEY_UIApplicationSceneManifest_Generation = YES;
				INFOPLIST_KEY_UIApplicationSupportsIndirectInputEvents = YES;
				INFOPLIST_KEY_UISupportedInterfaceOrientations_iPad = "UIInterfaceOrientationPortrait UIInterfaceOrientationPortraitUpsideDown UIInterfaceOrientationLandscapeLeft UIInterfaceOrientationLandscapeRight";
				INFOPLIST_KEY_UISupportedInterfaceOrientations_iPhone = "UIInterfaceOrientationPortrait UIInterfaceOrientationLandscapeLeft UIInterfaceOrientationLandscapeRight";
				LD_RUNPATH_SEARCH_PATHS = (
					"$(inherited)",
					"@executable_path/Frameworks",
				);
				MARKETING_VERSION = 1.0;
				PRODUCT_BUNDLE_IDENTIFIER = "agholson.iOS-Concurrency";
				PRODUCT_NAME = "$(TARGET_NAME)";
				SWIFT_EMIT_LOC_STRINGS = YES;
				SWIFT_VERSION = 5.0;
				TARGETED_DEVICE_FAMILY = "1,2";
			};
			name = Debug;
		};
		75EFA22E29203AC8002F65AC /* Release */ = {
			isa = XCBuildConfiguration;
			buildSettings = {
				ASSETCATALOG_COMPILER_APPICON_NAME = AppIcon;
				ASSETCATALOG_COMPILER_GLOBAL_ACCENT_COLOR_NAME = AccentColor;
				CODE_SIGN_STYLE = Automatic;
				CURRENT_PROJECT_VERSION = 1;
				DEVELOPMENT_ASSET_PATHS = "\"iOS Concurrency/Preview Content\"";
				DEVELOPMENT_TEAM = 6DR6N9843T;
				ENABLE_PREVIEWS = YES;
				GENERATE_INFOPLIST_FILE = YES;
				INFOPLIST_FILE = "iOS-Concurrency-Info.plist";
				INFOPLIST_KEY_UIApplicationSceneManifest_Generation = YES;
				INFOPLIST_KEY_UIApplicationSupportsIndirectInputEvents = YES;
				INFOPLIST_KEY_UISupportedInterfaceOrientations_iPad = "UIInterfaceOrientationPortrait UIInterfaceOrientationPortraitUpsideDown UIInterfaceOrientationLandscapeLeft UIInterfaceOrientationLandscapeRight";
				INFOPLIST_KEY_UISupportedInterfaceOrientations_iPhone = "UIInterfaceOrientationPortrait UIInterfaceOrientationLandscapeLeft UIInterfaceOrientationLandscapeRight";
				LD_RUNPATH_SEARCH_PATHS = (
					"$(inherited)",
					"@executable_path/Frameworks",
				);
				MARKETING_VERSION = 1.0;
				PRODUCT_BUNDLE_IDENTIFIER = "agholson.iOS-Concurrency";
				PRODUCT_NAME = "$(TARGET_NAME)";
				SWIFT_EMIT_LOC_STRINGS = YES;
				SWIFT_VERSION = 5.0;
				TARGETED_DEVICE_FAMILY = "1,2";
			};
			name = Release;
		};
/* End XCBuildConfiguration section */

/* Begin XCConfigurationList section */
		75EFA21929203AC7002F65AC /* Build configuration list for PBXProject "iOS Concurrency" */ = {
			isa = XCConfigurationList;
			buildConfigurations = (
				75EFA22A29203AC8002F65AC /* Debug */,
				75EFA22B29203AC8002F65AC /* Release */,
			);
			defaultConfigurationIsVisible = 0;
			defaultConfigurationName = Release;
		};
		75EFA22C29203AC8002F65AC /* Build configuration list for PBXNativeTarget "iOS Concurrency" */ = {
			isa = XCConfigurationList;
			buildConfigurations = (
				75EFA22D29203AC8002F65AC /* Debug */,
				75EFA22E29203AC8002F65AC /* Release */,
			);
			defaultConfigurationIsVisible = 0;
			defaultConfigurationName = Release;
		};
/* End XCConfigurationList section */
	};
	rootObject = 75EFA21629203AC7002F65AC /* Project object */;
}
